
Microsoft Visual Studio Solution File, Format Version 12.00
# Visual Studio Version 16
VisualStudioVersion = 16.0.32413.511
MinimumVisualStudioVersion = 10.0.40219.1
Project("{FAE04EC0-301F-11D3-BF4B-00C04F79EFBC}") = "WebProject", "WebProject\WebProject.csproj", "{94B510DC-0B36-4621-94D3-DC0B6F74DC80}"
EndProject
Project("{FAE04EC0-301F-11D3-BF4B-00C04F79EFBC}") = "DataLayer", "DataLayer\DataLayer.csproj", "{EE74DBFE-D576-4F54-805D-BD39E814F6D8}"
EndProject
Project("{FAE04EC0-301F-11D3-BF4B-00C04F79EFBC}") = "ServiceLayer", "ServiceLayer\ServiceLayer.csproj", "{9B14E2E8-56D4-42A7-9C03-2944AB003FEF}"
EndProject
Global
	GlobalSection(SolutionConfigurationPlatforms) = preSolution
		Debug|Any CPU = Debug|Any CPU
		Release|Any CPU = Release|Any CPU
	EndGlobalSection
	GlobalSection(ProjectConfigurationPlatforms) = postSolution
		{94B510DC-0B36-4621-94D3-DC0B6F74DC80}.Debug|Any CPU.ActiveCfg = Debug|Any CPU
		{94B510DC-0B36-4621-94D3-DC0B6F74DC80}.Debug|Any CPU.Build.0 = Debug|Any CPU
		{94B510DC-0B36-4621-94D3-DC0B6F74DC80}.Release|Any CPU.ActiveCfg = Release|Any CPU
		{94B510DC-0B36-4621-94D3-DC0B6F74DC80}.Release|Any CPU.Build.0 = Release|Any CPU
		{EE74DBFE-D576-4F54-805D-BD39E814F6D8}.Debug|Any CPU.ActiveCfg = Debug|Any CPU
		{EE74DBFE-D576-4F54-805D-BD39E814F6D8}.Debug|Any CPU.Build.0 = Debug|Any CPU
		{EE74DBFE-D576-4F54-805D-BD39E814F6D8}.Release|Any CPU.ActiveCfg = Release|Any CPU
		{EE74DBFE-D576-4F54-805D-BD39E814F6D8}.Release|Any CPU.Build.0 = Release|Any CPU
		{9B14E2E8-56D4-42A7-9C03-2944AB003FEF}.Debug|Any CPU.ActiveCfg = Debug|Any CPU
		{9B14E2E8-56D4-42A7-9C03-2944AB003FEF}.Debug|Any CPU.Build.0 = Debug|Any CPU
		{9B14E2E8-56D4-42A7-9C03-2944AB003FEF}.Release|Any CPU.ActiveCfg = Release|Any CPU
		{9B14E2E8-56D4-42A7-9C03-2944AB003FEF}.Release|Any CPU.Build.0 = Release|Any CPU
	EndGlobalSection
	GlobalSection(SolutionProperties) = preSolution
		HideSolutionNode = FALSE
	EndGlobalSection
	GlobalSection(ExtensibilityGlobals) = postSolution
		SolutionGuid = {4399A26D-10EE-4706-8A1B-5CE4042023C3}
	EndGlobalSection
EndGlobal
